
Microsoft Visual Studio Solution File, Format Version 12.00
# Visual Studio Version 16
VisualStudioVersion = 16.0.31729.503
MinimumVisualStudioVersion = 10.0.40219.1
Project("{2150E333-8FDC-42A3-9474-1A3956D46DE8}") = "Services", "Services", "{7A52AEF3-B5F7-4546-ACEA-78146FF3F0A6}"
EndProject
Project("{2150E333-8FDC-42A3-9474-1A3956D46DE8}") = "Catalog", "Catalog", "{F4958103-D254-40EB-9F7F-93B39B46E220}"
EndProject
Project("{9A19103F-16F7-4668-BE54-9A1E7A4F7556}") = "Catalog.API", "Services\Catalog\Catalog.API\Catalog.API.csproj", "{F4850180-8AA7-4BD2-9C33-CD41DFE22515}"
EndProject
Project("{E53339B2-1760-4266-BCC7-CA923CBCF16C}") = "docker-compose", "docker-compose.dcproj", "{05DD6E4F-0DBB-4FB5-9EF8-3E779F43163C}"
EndProject
Project("{2150E333-8FDC-42A3-9474-1A3956D46DE8}") = "Basket", "Basket", "{3AEEDC26-EDFC-4A7E-A43A-92A702CB0A05}"
EndProject
Project("{9A19103F-16F7-4668-BE54-9A1E7A4F7556}") = "Basket.API", "Services\Basket\Basket.API\Basket.API.csproj", "{F49FCD34-6C0D-4B99-B2E3-47038DB9144A}"
EndProject
Project("{2150E333-8FDC-42A3-9474-1A3956D46DE8}") = "Discount", "Discount", "{35137675-B7FB-4874-B063-57C6647006DA}"
EndProject
Project("{9A19103F-16F7-4668-BE54-9A1E7A4F7556}") = "Discount.API", "Services\Discount\Discount.API\Discount.API.csproj", "{B55AC6DA-B3F8-4811-A5CB-DAC1527440F4}"
EndProject
Project("{9A19103F-16F7-4668-BE54-9A1E7A4F7556}") = "Discount.Grpc", "Services\Discount\Discount.Grpc\Discount.Grpc.csproj", "{9D3517AA-9A47-4C72-A9B3-81CC8A19E3CE}"
EndProject
Global
	GlobalSection(SolutionConfigurationPlatforms) = preSolution
		Debug|Any CPU = Debug|Any CPU
		Release|Any CPU = Release|Any CPU
	EndGlobalSection
	GlobalSection(ProjectConfigurationPlatforms) = postSolution
		{F4850180-8AA7-4BD2-9C33-CD41DFE22515}.Debug|Any CPU.ActiveCfg = Debug|Any CPU
		{F4850180-8AA7-4BD2-9C33-CD41DFE22515}.Debug|Any CPU.Build.0 = Debug|Any CPU
		{F4850180-8AA7-4BD2-9C33-CD41DFE22515}.Release|Any CPU.ActiveCfg = Release|Any CPU
		{F4850180-8AA7-4BD2-9C33-CD41DFE22515}.Release|Any CPU.Build.0 = Release|Any CPU
		{05DD6E4F-0DBB-4FB5-9EF8-3E779F43163C}.Debug|Any CPU.ActiveCfg = Debug|Any CPU
		{05DD6E4F-0DBB-4FB5-9EF8-3E779F43163C}.Debug|Any CPU.Build.0 = Debug|Any CPU
		{05DD6E4F-0DBB-4FB5-9EF8-3E779F43163C}.Release|Any CPU.ActiveCfg = Release|Any CPU
		{05DD6E4F-0DBB-4FB5-9EF8-3E779F43163C}.Release|Any CPU.Build.0 = Release|Any CPU
		{F49FCD34-6C0D-4B99-B2E3-47038DB9144A}.Debug|Any CPU.ActiveCfg = Debug|Any CPU
		{F49FCD34-6C0D-4B99-B2E3-47038DB9144A}.Debug|Any CPU.Build.0 = Debug|Any CPU
		{F49FCD34-6C0D-4B99-B2E3-47038DB9144A}.Release|Any CPU.ActiveCfg = Release|Any CPU
		{F49FCD34-6C0D-4B99-B2E3-47038DB9144A}.Release|Any CPU.Build.0 = Release|Any CPU
		{B55AC6DA-B3F8-4811-A5CB-DAC1527440F4}.Debug|Any CPU.ActiveCfg = Debug|Any CPU
		{B55AC6DA-B3F8-4811-A5CB-DAC1527440F4}.Debug|Any CPU.Build.0 = Debug|Any CPU
		{B55AC6DA-B3F8-4811-A5CB-DAC1527440F4}.Release|Any CPU.ActiveCfg = Release|Any CPU
		{B55AC6DA-B3F8-4811-A5CB-DAC1527440F4}.Release|Any CPU.Build.0 = Release|Any CPU
		{9D3517AA-9A47-4C72-A9B3-81CC8A19E3CE}.Debug|Any CPU.ActiveCfg = Debug|Any CPU
		{9D3517AA-9A47-4C72-A9B3-81CC8A19E3CE}.Debug|Any CPU.Build.0 = Debug|Any CPU
		{9D3517AA-9A47-4C72-A9B3-81CC8A19E3CE}.Release|Any CPU.ActiveCfg = Release|Any CPU
		{9D3517AA-9A47-4C72-A9B3-81CC8A19E3CE}.Release|Any CPU.Build.0 = Release|Any CPU
	EndGlobalSection
	GlobalSection(SolutionProperties) = preSolution
		HideSolutionNode = FALSE
	EndGlobalSection
	GlobalSection(NestedProjects) = preSolution
		{F4958103-D254-40EB-9F7F-93B39B46E220} = {7A52AEF3-B5F7-4546-ACEA-78146FF3F0A6}
		{F4850180-8AA7-4BD2-9C33-CD41DFE22515} = {F4958103-D254-40EB-9F7F-93B39B46E220}
		{3AEEDC26-EDFC-4A7E-A43A-92A702CB0A05} = {7A52AEF3-B5F7-4546-ACEA-78146FF3F0A6}
		{F49FCD34-6C0D-4B99-B2E3-47038DB9144A} = {3AEEDC26-EDFC-4A7E-A43A-92A702CB0A05}
		{35137675-B7FB-4874-B063-57C6647006DA} = {7A52AEF3-B5F7-4546-ACEA-78146FF3F0A6}
		{B55AC6DA-B3F8-4811-A5CB-DAC1527440F4} = {35137675-B7FB-4874-B063-57C6647006DA}
		{9D3517AA-9A47-4C72-A9B3-81CC8A19E3CE} = {35137675-B7FB-4874-B063-57C6647006DA}
	EndGlobalSection
	GlobalSection(ExtensibilityGlobals) = postSolution
		SolutionGuid = {D7AC2021-4122-496B-921C-B2BA0D111528}
	EndGlobalSection
EndGlobal
